// !$*UTF8*$!
{
	archiveVersion = 1;
	classes = {
	};
	objectVersion = 51;
	objects = {

/* Begin PBXBuildFile section */
		013CE2A9254161F10073AAFB /* R.generated.swift in Sources */ = {isa = PBXBuildFile; fileRef = 013CE2A8254161F10073AAFB /* R.generated.swift */; };
		013CE2B82541F70A0073AAFB /* ReposViewController.swift in Sources */ = {isa = PBXBuildFile; fileRef = 013CE2B72541F70A0073AAFB /* ReposViewController.swift */; };
		013CE2D82545B48E0073AAFB /* HTTPClient.swift in Sources */ = {isa = PBXBuildFile; fileRef = 013CE2D72545B48E0073AAFB /* HTTPClient.swift */; };
		013CE2DF2545C4A00073AAFB /* GitHubAPIResponses.swift in Sources */ = {isa = PBXBuildFile; fileRef = 013CE2DE2545C4A00073AAFB /* GitHubAPIResponses.swift */; };
		013CE2E42545C6150073AAFB /* GitHubAPIService.swift in Sources */ = {isa = PBXBuildFile; fileRef = 013CE2E32545C6150073AAFB /* GitHubAPIService.swift */; };
		013CE2EA2545F50E0073AAFB /* DisposeViewController.swift in Sources */ = {isa = PBXBuildFile; fileRef = 013CE2E92545F50E0073AAFB /* DisposeViewController.swift */; };
		013CE2EF2545F6CA0073AAFB /* DefaultInitializable.swift in Sources */ = {isa = PBXBuildFile; fileRef = 013CE2EE2545F6CA0073AAFB /* DefaultInitializable.swift */; };
		013CE2F32546BCBD0073AAFB /* ViewControllerBinder.swift in Sources */ = {isa = PBXBuildFile; fileRef = 013CE2F22546BCBD0073AAFB /* ViewControllerBinder.swift */; };
		013CE2F82546BE9E0073AAFB /* Unown.swift in Sources */ = {isa = PBXBuildFile; fileRef = 013CE2F72546BE9E0073AAFB /* Unown.swift */; };
		013CE2FF2546C05A0073AAFB /* Logging.swift in Sources */ = {isa = PBXBuildFile; fileRef = 013CE2FB2546C05A0073AAFB /* Logging.swift */; };
		013CE3002546C05A0073AAFB /* Log.swift in Sources */ = {isa = PBXBuildFile; fileRef = 013CE2FC2546C05A0073AAFB /* Log.swift */; };
		013CE3012546C05A0073AAFB /* Params.swift in Sources */ = {isa = PBXBuildFile; fileRef = 013CE2FD2546C05A0073AAFB /* Params.swift */; };
		013CE3022546C05A0073AAFB /* Level.swift in Sources */ = {isa = PBXBuildFile; fileRef = 013CE2FE2546C05A0073AAFB /* Level.swift */; };
		013CE3052546C7A10073AAFB /* ActivityIndicator.swift in Sources */ = {isa = PBXBuildFile; fileRef = 013CE3042546C7A10073AAFB /* ActivityIndicator.swift */; };
		01CD00C42540AD2E00767AD9 /* AppDelegate.swift in Sources */ = {isa = PBXBuildFile; fileRef = 01CD00C32540AD2E00767AD9 /* AppDelegate.swift */; };
		01CD00C62540AD2E00767AD9 /* SceneDelegate.swift in Sources */ = {isa = PBXBuildFile; fileRef = 01CD00C52540AD2E00767AD9 /* SceneDelegate.swift */; };
		01CD00C82540AD2E00767AD9 /* LoginViewController.swift in Sources */ = {isa = PBXBuildFile; fileRef = 01CD00C72540AD2E00767AD9 /* LoginViewController.swift */; };
		01CD00CB2540AD2E00767AD9 /* Main.storyboard in Resources */ = {isa = PBXBuildFile; fileRef = 01CD00C92540AD2E00767AD9 /* Main.storyboard */; };
		01CD00CD2540AD3200767AD9 /* Assets.xcassets in Resources */ = {isa = PBXBuildFile; fileRef = 01CD00CC2540AD3200767AD9 /* Assets.xcassets */; };
		01CD00D02540AD3200767AD9 /* LaunchScreen.storyboard in Resources */ = {isa = PBXBuildFile; fileRef = 01CD00CE2540AD3200767AD9 /* LaunchScreen.storyboard */; };
		588A466D58BFB502DE411D24 /* Pods_Headway_TestTask.framework in Frameworks */ = {isa = PBXBuildFile; fileRef = 792B14C9286822C082A86D18 /* Pods_Headway_TestTask.framework */; };
/* End PBXBuildFile section */

/* Begin PBXFileReference section */
		013CE2A8254161F10073AAFB /* R.generated.swift */ = {isa = PBXFileReference; fileEncoding = 4; lastKnownFileType = sourcecode.swift; path = R.generated.swift; sourceTree = "<group>"; };
		013CE2B72541F70A0073AAFB /* ReposViewController.swift */ = {isa = PBXFileReference; lastKnownFileType = sourcecode.swift; path = ReposViewController.swift; sourceTree = "<group>"; };
		013CE2D72545B48E0073AAFB /* HTTPClient.swift */ = {isa = PBXFileReference; lastKnownFileType = sourcecode.swift; path = HTTPClient.swift; sourceTree = "<group>"; };
		013CE2DE2545C4A00073AAFB /* GitHubAPIResponses.swift */ = {isa = PBXFileReference; lastKnownFileType = sourcecode.swift; path = GitHubAPIResponses.swift; sourceTree = "<group>"; };
		013CE2E32545C6150073AAFB /* GitHubAPIService.swift */ = {isa = PBXFileReference; lastKnownFileType = sourcecode.swift; path = GitHubAPIService.swift; sourceTree = "<group>"; };
		013CE2E92545F50E0073AAFB /* DisposeViewController.swift */ = {isa = PBXFileReference; lastKnownFileType = sourcecode.swift; path = DisposeViewController.swift; sourceTree = "<group>"; };
		013CE2EE2545F6CA0073AAFB /* DefaultInitializable.swift */ = {isa = PBXFileReference; lastKnownFileType = sourcecode.swift; path = DefaultInitializable.swift; sourceTree = "<group>"; };
		013CE2F22546BCBD0073AAFB /* ViewControllerBinder.swift */ = {isa = PBXFileReference; lastKnownFileType = sourcecode.swift; path = ViewControllerBinder.swift; sourceTree = "<group>"; };
		013CE2F72546BE9E0073AAFB /* Unown.swift */ = {isa = PBXFileReference; fileEncoding = 4; lastKnownFileType = sourcecode.swift; path = Unown.swift; sourceTree = "<group>"; };
		013CE2FB2546C05A0073AAFB /* Logging.swift */ = {isa = PBXFileReference; fileEncoding = 4; lastKnownFileType = sourcecode.swift; path = Logging.swift; sourceTree = "<group>"; };
		013CE2FC2546C05A0073AAFB /* Log.swift */ = {isa = PBXFileReference; fileEncoding = 4; lastKnownFileType = sourcecode.swift; path = Log.swift; sourceTree = "<group>"; };
		013CE2FD2546C05A0073AAFB /* Params.swift */ = {isa = PBXFileReference; fileEncoding = 4; lastKnownFileType = sourcecode.swift; path = Params.swift; sourceTree = "<group>"; };
		013CE2FE2546C05A0073AAFB /* Level.swift */ = {isa = PBXFileReference; fileEncoding = 4; lastKnownFileType = sourcecode.swift; path = Level.swift; sourceTree = "<group>"; };
		013CE3042546C7A10073AAFB /* ActivityIndicator.swift */ = {isa = PBXFileReference; fileEncoding = 4; lastKnownFileType = sourcecode.swift; path = ActivityIndicator.swift; sourceTree = "<group>"; };
		01CD00C02540AD2E00767AD9 /* Headway_TestTask.app */ = {isa = PBXFileReference; explicitFileType = wrapper.application; includeInIndex = 0; path = Headway_TestTask.app; sourceTree = BUILT_PRODUCTS_DIR; };
		01CD00C32540AD2E00767AD9 /* AppDelegate.swift */ = {isa = PBXFileReference; lastKnownFileType = sourcecode.swift; path = AppDelegate.swift; sourceTree = "<group>"; };
		01CD00C52540AD2E00767AD9 /* SceneDelegate.swift */ = {isa = PBXFileReference; lastKnownFileType = sourcecode.swift; path = SceneDelegate.swift; sourceTree = "<group>"; };
		01CD00C72540AD2E00767AD9 /* LoginViewController.swift */ = {isa = PBXFileReference; lastKnownFileType = sourcecode.swift; path = LoginViewController.swift; sourceTree = "<group>"; };
		01CD00CA2540AD2E00767AD9 /* Base */ = {isa = PBXFileReference; lastKnownFileType = file.storyboard; name = Base; path = Base.lproj/Main.storyboard; sourceTree = "<group>"; };
		01CD00CC2540AD3200767AD9 /* Assets.xcassets */ = {isa = PBXFileReference; lastKnownFileType = folder.assetcatalog; path = Assets.xcassets; sourceTree = "<group>"; };
		01CD00CF2540AD3200767AD9 /* Base */ = {isa = PBXFileReference; lastKnownFileType = file.storyboard; name = Base; path = Base.lproj/LaunchScreen.storyboard; sourceTree = "<group>"; };
		01CD00D12540AD3200767AD9 /* Info.plist */ = {isa = PBXFileReference; lastKnownFileType = text.plist.xml; path = Info.plist; sourceTree = "<group>"; };
		792B14C9286822C082A86D18 /* Pods_Headway_TestTask.framework */ = {isa = PBXFileReference; explicitFileType = wrapper.framework; includeInIndex = 0; path = Pods_Headway_TestTask.framework; sourceTree = BUILT_PRODUCTS_DIR; };
		D2D24C5F837F9CD77E34C917 /* Pods-Headway_TestTask.debug.xcconfig */ = {isa = PBXFileReference; includeInIndex = 1; lastKnownFileType = text.xcconfig; name = "Pods-Headway_TestTask.debug.xcconfig"; path = "Target Support Files/Pods-Headway_TestTask/Pods-Headway_TestTask.debug.xcconfig"; sourceTree = "<group>"; };
		ECC99CC1888D3D9888F42B8C /* Pods-Headway_TestTask.release.xcconfig */ = {isa = PBXFileReference; includeInIndex = 1; lastKnownFileType = text.xcconfig; name = "Pods-Headway_TestTask.release.xcconfig"; path = "Target Support Files/Pods-Headway_TestTask/Pods-Headway_TestTask.release.xcconfig"; sourceTree = "<group>"; };
/* End PBXFileReference section */

/* Begin PBXFrameworksBuildPhase section */
		01CD00BD2540AD2E00767AD9 /* Frameworks */ = {
			isa = PBXFrameworksBuildPhase;
			buildActionMask = 2147483647;
			files = (
				588A466D58BFB502DE411D24 /* Pods_Headway_TestTask.framework in Frameworks */,
			);
			runOnlyForDeploymentPostprocessing = 0;
		};
/* End PBXFrameworksBuildPhase section */

/* Begin PBXGroup section */
		013CE29C254161850073AAFB /* Resource */ = {
			isa = PBXGroup;
			children = (
				013CE2A8254161F10073AAFB /* R.generated.swift */,
			);
			path = Resource;
			sourceTree = "<group>";
		};
		013CE2AC2541EF9D0073AAFB /* Storyboard */ = {
			isa = PBXGroup;
			children = (
				01CD00C92540AD2E00767AD9 /* Main.storyboard */,
			);
			path = Storyboard;
			sourceTree = "<group>";
		};
		013CE2BE2541FD370073AAFB /* Scenes */ = {
			isa = PBXGroup;
			children = (
				013CE2C22541FD4B0073AAFB /* Repos */,
				013CE2BF2541FD3F0073AAFB /* Login */,
			);
			path = Scenes;
			sourceTree = "<group>";
		};
		013CE2BF2541FD3F0073AAFB /* Login */ = {
			isa = PBXGroup;
			children = (
				01CD00C72540AD2E00767AD9 /* LoginViewController.swift */,
			);
			path = Login;
			sourceTree = "<group>";
		};
		013CE2C22541FD4B0073AAFB /* Repos */ = {
			isa = PBXGroup;
			children = (
				013CE2B72541F70A0073AAFB /* ReposViewController.swift */,
			);
			path = Repos;
			sourceTree = "<group>";
		};
		013CE2D62545B4440073AAFB /* Networking */ = {
			isa = PBXGroup;
			children = (
				013CE2E32545C6150073AAFB /* GitHubAPIService.swift */,
				013CE2D72545B48E0073AAFB /* HTTPClient.swift */,
				013CE2DE2545C4A00073AAFB /* GitHubAPIResponses.swift */,
			);
			path = Networking;
			sourceTree = "<group>";
		};
		013CE2E72545F4CD0073AAFB /* Utils */ = {
			isa = PBXGroup;
			children = (
				013CE3042546C7A10073AAFB /* ActivityIndicator.swift */,
				013CE2FA2546C05A0073AAFB /* Log */,
				013CE2F62546BE510073AAFB /* Closure */,
				013CE2ED2545F6AC0073AAFB /* DefaultInitializable */,
				013CE2E82545F4D70073AAFB /* Binder */,
			);
			path = Utils;
			sourceTree = "<group>";
		};
		013CE2E82545F4D70073AAFB /* Binder */ = {
			isa = PBXGroup;
			children = (
				013CE2E92545F50E0073AAFB /* DisposeViewController.swift */,
				013CE2F22546BCBD0073AAFB /* ViewControllerBinder.swift */,
			);
			path = Binder;
			sourceTree = "<group>";
		};
		013CE2ED2545F6AC0073AAFB /* DefaultInitializable */ = {
			isa = PBXGroup;
			children = (
				013CE2EE2545F6CA0073AAFB /* DefaultInitializable.swift */,
			);
			path = DefaultInitializable;
			sourceTree = "<group>";
		};
		013CE2F62546BE510073AAFB /* Closure */ = {
			isa = PBXGroup;
			children = (
				013CE2F72546BE9E0073AAFB /* Unown.swift */,
			);
			path = Closure;
			sourceTree = "<group>";
		};
		013CE2FA2546C05A0073AAFB /* Log */ = {
			isa = PBXGroup;
			children = (
				013CE2FB2546C05A0073AAFB /* Logging.swift */,
				013CE2FC2546C05A0073AAFB /* Log.swift */,
				013CE2FD2546C05A0073AAFB /* Params.swift */,
				013CE2FE2546C05A0073AAFB /* Level.swift */,
			);
			path = Log;
			sourceTree = "<group>";
		};
		01CD00B72540AD2E00767AD9 = {
			isa = PBXGroup;
			children = (
				01CD00C22540AD2E00767AD9 /* Headway_TestTask */,
				01CD00C12540AD2E00767AD9 /* Products */,
				0B51CFA31258DC4132419D4F /* Pods */,
				280C742CC3198F78245AB976 /* Frameworks */,
			);
			sourceTree = "<group>";
		};
		01CD00C12540AD2E00767AD9 /* Products */ = {
			isa = PBXGroup;
			children = (
				01CD00C02540AD2E00767AD9 /* Headway_TestTask.app */,
			);
			name = Products;
			sourceTree = "<group>";
		};
		01CD00C22540AD2E00767AD9 /* Headway_TestTask */ = {
			isa = PBXGroup;
			children = (
				013CE2BE2541FD370073AAFB /* Scenes */,
				013CE2AC2541EF9D0073AAFB /* Storyboard */,
				013CE2D62545B4440073AAFB /* Networking */,
				013CE29C254161850073AAFB /* Resource */,
				013CE2E72545F4CD0073AAFB /* Utils */,
				01CD00C32540AD2E00767AD9 /* AppDelegate.swift */,
				01CD00C52540AD2E00767AD9 /* SceneDelegate.swift */,
				01CD00CC2540AD3200767AD9 /* Assets.xcassets */,
				01CD00CE2540AD3200767AD9 /* LaunchScreen.storyboard */,
				01CD00D12540AD3200767AD9 /* Info.plist */,
			);
			path = Headway_TestTask;
			sourceTree = "<group>";
		};
		0B51CFA31258DC4132419D4F /* Pods */ = {
			isa = PBXGroup;
			children = (
				D2D24C5F837F9CD77E34C917 /* Pods-Headway_TestTask.debug.xcconfig */,
				ECC99CC1888D3D9888F42B8C /* Pods-Headway_TestTask.release.xcconfig */,
			);
			path = Pods;
			sourceTree = "<group>";
		};
		280C742CC3198F78245AB976 /* Frameworks */ = {
			isa = PBXGroup;
			children = (
				792B14C9286822C082A86D18 /* Pods_Headway_TestTask.framework */,
			);
			name = Frameworks;
			sourceTree = "<group>";
		};
/* End PBXGroup section */

/* Begin PBXNativeTarget section */
		01CD00BF2540AD2E00767AD9 /* Headway_TestTask */ = {
			isa = PBXNativeTarget;
			buildConfigurationList = 01CD00D42540AD3200767AD9 /* Build configuration list for PBXNativeTarget "Headway_TestTask" */;
			buildPhases = (
				9818167108DF509F0E0829A6 /* [CP] Check Pods Manifest.lock */,
				013CE29B2541613D0073AAFB /* ShellScript */,
				01CD00BC2540AD2E00767AD9 /* Sources */,
				01CD00BD2540AD2E00767AD9 /* Frameworks */,
				01CD00BE2540AD2E00767AD9 /* Resources */,
				4DF5C13291C45F2897295F4B /* [CP] Embed Pods Frameworks */,
			);
			buildRules = (
			);
			dependencies = (
			);
			name = Headway_TestTask;
			productName = Headway_TestTask;
			productReference = 01CD00C02540AD2E00767AD9 /* Headway_TestTask.app */;
			productType = "com.apple.product-type.application";
		};
/* End PBXNativeTarget section */

/* Begin PBXProject section */
		01CD00B82540AD2E00767AD9 /* Project object */ = {
			isa = PBXProject;
			attributes = {
				LastSwiftUpdateCheck = 1210;
				LastUpgradeCheck = 1210;
				TargetAttributes = {
					01CD00BF2540AD2E00767AD9 = {
						CreatedOnToolsVersion = 12.1;
					};
				};
			};
			buildConfigurationList = 01CD00BB2540AD2E00767AD9 /* Build configuration list for PBXProject "Headway_TestTask" */;
			compatibilityVersion = "Xcode 9.3";
			developmentRegion = en;
			hasScannedForEncodings = 0;
			knownRegions = (
				en,
				Base,
			);
			mainGroup = 01CD00B72540AD2E00767AD9;
			productRefGroup = 01CD00C12540AD2E00767AD9 /* Products */;
			projectDirPath = "";
			projectRoot = "";
			targets = (
				01CD00BF2540AD2E00767AD9 /* Headway_TestTask */,
			);
		};
/* End PBXProject section */

/* Begin PBXResourcesBuildPhase section */
		01CD00BE2540AD2E00767AD9 /* Resources */ = {
			isa = PBXResourcesBuildPhase;
			buildActionMask = 2147483647;
			files = (
				01CD00D02540AD3200767AD9 /* LaunchScreen.storyboard in Resources */,
				01CD00CD2540AD3200767AD9 /* Assets.xcassets in Resources */,
				01CD00CB2540AD2E00767AD9 /* Main.storyboard in Resources */,
			);
			runOnlyForDeploymentPostprocessing = 0;
		};
/* End PBXResourcesBuildPhase section */

/* Begin PBXShellScriptBuildPhase section */
		013CE29B2541613D0073AAFB /* ShellScript */ = {
			isa = PBXShellScriptBuildPhase;
			buildActionMask = 2147483647;
			files = (
			);
			inputFileListPaths = (
			);
			inputPaths = (
				"$TEMP_DIR/rswift-lastrun",
			);
			outputFileListPaths = (
			);
			outputPaths = (
				"${SRCROOT}/${TARGET_NAME}/Resource/R.generated.swift",
			);
			runOnlyForDeploymentPostprocessing = 0;
			shellPath = /bin/sh;
			shellScript = "$PODS_ROOT/R.swift/rswift generate ${SRCROOT}/${TARGET_NAME}/Resource/R.generated.swift\n";
		};
		4DF5C13291C45F2897295F4B /* [CP] Embed Pods Frameworks */ = {
			isa = PBXShellScriptBuildPhase;
			buildActionMask = 2147483647;
			files = (
			);
			inputFileListPaths = (
				"${PODS_ROOT}/Target Support Files/Pods-Headway_TestTask/Pods-Headway_TestTask-frameworks-${CONFIGURATION}-input-files.xcfilelist",
			);
			name = "[CP] Embed Pods Frameworks";
			outputFileListPaths = (
				"${PODS_ROOT}/Target Support Files/Pods-Headway_TestTask/Pods-Headway_TestTask-frameworks-${CONFIGURATION}-output-files.xcfilelist",
			);
			runOnlyForDeploymentPostprocessing = 0;
			shellPath = /bin/sh;
			shellScript = "\"${PODS_ROOT}/Target Support Files/Pods-Headway_TestTask/Pods-Headway_TestTask-frameworks.sh\"\n";
			showEnvVarsInLog = 0;
		};
		9818167108DF509F0E0829A6 /* [CP] Check Pods Manifest.lock */ = {
			isa = PBXShellScriptBuildPhase;
			buildActionMask = 2147483647;
			files = (
			);
			inputFileListPaths = (
			);
			inputPaths = (
				"${PODS_PODFILE_DIR_PATH}/Podfile.lock",
				"${PODS_ROOT}/Manifest.lock",
			);
			name = "[CP] Check Pods Manifest.lock";
			outputFileListPaths = (
			);
			outputPaths = (
				"$(DERIVED_FILE_DIR)/Pods-Headway_TestTask-checkManifestLockResult.txt",
			);
			runOnlyForDeploymentPostprocessing = 0;
			shellPath = /bin/sh;
			shellScript = "diff \"${PODS_PODFILE_DIR_PATH}/Podfile.lock\" \"${PODS_ROOT}/Manifest.lock\" > /dev/null\nif [ $? != 0 ] ; then\n    # print error to STDERR\n    echo \"error: The sandbox is not in sync with the Podfile.lock. Run 'pod install' or update your CocoaPods installation.\" >&2\n    exit 1\nfi\n# This output is used by Xcode 'outputs' to avoid re-running this script phase.\necho \"SUCCESS\" > \"${SCRIPT_OUTPUT_FILE_0}\"\n";
			showEnvVarsInLog = 0;
		};
/* End PBXShellScriptBuildPhase section */

/* Begin PBXSourcesBuildPhase section */
		01CD00BC2540AD2E00767AD9 /* Sources */ = {
			isa = PBXSourcesBuildPhase;
			buildActionMask = 2147483647;
			files = (
				013CE2EA2545F50E0073AAFB /* DisposeViewController.swift in Sources */,
				013CE2FF2546C05A0073AAFB /* Logging.swift in Sources */,
				013CE2EF2545F6CA0073AAFB /* DefaultInitializable.swift in Sources */,
				013CE3012546C05A0073AAFB /* Params.swift in Sources */,
				013CE2F32546BCBD0073AAFB /* ViewControllerBinder.swift in Sources */,
				01CD00C82540AD2E00767AD9 /* LoginViewController.swift in Sources */,
				01CD00C42540AD2E00767AD9 /* AppDelegate.swift in Sources */,
				013CE2DF2545C4A00073AAFB /* GitHubAPIResponses.swift in Sources */,
				013CE2D82545B48E0073AAFB /* HTTPClient.swift in Sources */,
				013CE3002546C05A0073AAFB /* Log.swift in Sources */,
				013CE2B82541F70A0073AAFB /* ReposViewController.swift in Sources */,
				01CD00C62540AD2E00767AD9 /* SceneDelegate.swift in Sources */,
				013CE2F82546BE9E0073AAFB /* Unown.swift in Sources */,
				013CE2A9254161F10073AAFB /* R.generated.swift in Sources */,
				013CE3022546C05A0073AAFB /* Level.swift in Sources */,
				013CE2E42545C6150073AAFB /* GitHubAPIService.swift in Sources */,
				013CE3052546C7A10073AAFB /* ActivityIndicator.swift in Sources */,
			);
			runOnlyForDeploymentPostprocessing = 0;
		};
/* End PBXSourcesBuildPhase section */

/* Begin PBXVariantGroup section */
		01CD00C92540AD2E00767AD9 /* Main.storyboard */ = {
			isa = PBXVariantGroup;
			children = (
				01CD00CA2540AD2E00767AD9 /* Base */,
			);
			name = Main.storyboard;
			sourceTree = "<group>";
		};
		01CD00CE2540AD3200767AD9 /* LaunchScreen.storyboard */ = {
			isa = PBXVariantGroup;
			children = (
				01CD00CF2540AD3200767AD9 /* Base */,
			);
			name = LaunchScreen.storyboard;
			sourceTree = "<group>";
		};
/* End PBXVariantGroup section */

/* Begin XCBuildConfiguration section */
		01CD00D22540AD3200767AD9 /* Debug */ = {
			isa = XCBuildConfiguration;
			buildSettings = {
				ALWAYS_SEARCH_USER_PATHS = NO;
				CLANG_ANALYZER_NONNULL = YES;
				CLANG_ANALYZER_NUMBER_OBJECT_CONVERSION = YES_AGGRESSIVE;
				CLANG_CXX_LANGUAGE_STANDARD = "gnu++14";
				CLANG_CXX_LIBRARY = "libc++";
				CLANG_ENABLE_MODULES = YES;
				CLANG_ENABLE_OBJC_ARC = YES;
				CLANG_ENABLE_OBJC_WEAK = YES;
				CLANG_WARN_BLOCK_CAPTURE_AUTORELEASING = YES;
				CLANG_WARN_BOOL_CONVERSION = YES;
				CLANG_WARN_COMMA = YES;
				CLANG_WARN_CONSTANT_CONVERSION = YES;
				CLANG_WARN_DEPRECATED_OBJC_IMPLEMENTATIONS = YES;
				CLANG_WARN_DIRECT_OBJC_ISA_USAGE = YES_ERROR;
				CLANG_WARN_DOCUMENTATION_COMMENTS = YES;
				CLANG_WARN_EMPTY_BODY = YES;
				CLANG_WARN_ENUM_CONVERSION = YES;
				CLANG_WARN_INFINITE_RECURSION = YES;
				CLANG_WARN_INT_CONVERSION = YES;
				CLANG_WARN_NON_LITERAL_NULL_CONVERSION = YES;
				CLANG_WARN_OBJC_IMPLICIT_RETAIN_SELF = YES;
				CLANG_WARN_OBJC_LITERAL_CONVERSION = YES;
				CLANG_WARN_OBJC_ROOT_CLASS = YES_ERROR;
				CLANG_WARN_QUOTED_INCLUDE_IN_FRAMEWORK_HEADER = YES;
				CLANG_WARN_RANGE_LOOP_ANALYSIS = YES;
				CLANG_WARN_STRICT_PROTOTYPES = YES;
				CLANG_WARN_SUSPICIOUS_MOVE = YES;
				CLANG_WARN_UNGUARDED_AVAILABILITY = YES_AGGRESSIVE;
				CLANG_WARN_UNREACHABLE_CODE = YES;
				CLANG_WARN__DUPLICATE_METHOD_MATCH = YES;
				COPY_PHASE_STRIP = NO;
				DEBUG_INFORMATION_FORMAT = dwarf;
				ENABLE_STRICT_OBJC_MSGSEND = YES;
				ENABLE_TESTABILITY = YES;
				GCC_C_LANGUAGE_STANDARD = gnu11;
				GCC_DYNAMIC_NO_PIC = NO;
				GCC_NO_COMMON_BLOCKS = YES;
				GCC_OPTIMIZATION_LEVEL = 0;
				GCC_PREPROCESSOR_DEFINITIONS = (
					"DEBUG=1",
					"$(inherited)",
				);
				GCC_WARN_64_TO_32_BIT_CONVERSION = YES;
				GCC_WARN_ABOUT_RETURN_TYPE = YES_ERROR;
				GCC_WARN_UNDECLARED_SELECTOR = YES;
				GCC_WARN_UNINITIALIZED_AUTOS = YES_AGGRESSIVE;
				GCC_WARN_UNUSED_FUNCTION = YES;
				GCC_WARN_UNUSED_VARIABLE = YES;
				IPHONEOS_DEPLOYMENT_TARGET = 14.1;
				MTL_ENABLE_DEBUG_INFO = INCLUDE_SOURCE;
				MTL_FAST_MATH = YES;
				ONLY_ACTIVE_ARCH = YES;
				SDKROOT = iphoneos;
				SWIFT_ACTIVE_COMPILATION_CONDITIONS = DEBUG;
				SWIFT_OPTIMIZATION_LEVEL = "-Onone";
			};
			name = Debug;
		};
		01CD00D32540AD3200767AD9 /* Release */ = {
			isa = XCBuildConfiguration;
			buildSettings = {
				ALWAYS_SEARCH_USER_PATHS = NO;
				CLANG_ANALYZER_NONNULL = YES;
				CLANG_ANALYZER_NUMBER_OBJECT_CONVERSION = YES_AGGRESSIVE;
				CLANG_CXX_LANGUAGE_STANDARD = "gnu++14";
				CLANG_CXX_LIBRARY = "libc++";
				CLANG_ENABLE_MODULES = YES;
				CLANG_ENABLE_OBJC_ARC = YES;
				CLANG_ENABLE_OBJC_WEAK = YES;
				CLANG_WARN_BLOCK_CAPTURE_AUTORELEASING = YES;
				CLANG_WARN_BOOL_CONVERSION = YES;
				CLANG_WARN_COMMA = YES;
				CLANG_WARN_CONSTANT_CONVERSION = YES;
				CLANG_WARN_DEPRECATED_OBJC_IMPLEMENTATIONS = YES;
				CLANG_WARN_DIRECT_OBJC_ISA_USAGE = YES_ERROR;
				CLANG_WARN_DOCUMENTATION_COMMENTS = YES;
				CLANG_WARN_EMPTY_BODY = YES;
				CLANG_WARN_ENUM_CONVERSION = YES;
				CLANG_WARN_INFINITE_RECURSION = YES;
				CLANG_WARN_INT_CONVERSION = YES;
				CLANG_WARN_NON_LITERAL_NULL_CONVERSION = YES;
				CLANG_WARN_OBJC_IMPLICIT_RETAIN_SELF = YES;
				CLANG_WARN_OBJC_LITERAL_CONVERSION = YES;
				CLANG_WARN_OBJC_ROOT_CLASS = YES_ERROR;
				CLANG_WARN_QUOTED_INCLUDE_IN_FRAMEWORK_HEADER = YES;
				CLANG_WARN_RANGE_LOOP_ANALYSIS = YES;
				CLANG_WARN_STRICT_PROTOTYPES = YES;
				CLANG_WARN_SUSPICIOUS_MOVE = YES;
				CLANG_WARN_UNGUARDED_AVAILABILITY = YES_AGGRESSIVE;
				CLANG_WARN_UNREACHABLE_CODE = YES;
				CLANG_WARN__DUPLICATE_METHOD_MATCH = YES;
				COPY_PHASE_STRIP = NO;
				DEBUG_INFORMATION_FORMAT = "dwarf-with-dsym";
				ENABLE_NS_ASSERTIONS = NO;
				ENABLE_STRICT_OBJC_MSGSEND = YES;
				GCC_C_LANGUAGE_STANDARD = gnu11;
				GCC_NO_COMMON_BLOCKS = YES;
				GCC_WARN_64_TO_32_BIT_CONVERSION = YES;
				GCC_WARN_ABOUT_RETURN_TYPE = YES_ERROR;
				GCC_WARN_UNDECLARED_SELECTOR = YES;
				GCC_WARN_UNINITIALIZED_AUTOS = YES_AGGRESSIVE;
				GCC_WARN_UNUSED_FUNCTION = YES;
				GCC_WARN_UNUSED_VARIABLE = YES;
				IPHONEOS_DEPLOYMENT_TARGET = 14.1;
				MTL_ENABLE_DEBUG_INFO = NO;
				MTL_FAST_MATH = YES;
				SDKROOT = iphoneos;
				SWIFT_COMPILATION_MODE = wholemodule;
				SWIFT_OPTIMIZATION_LEVEL = "-O";
				VALIDATE_PRODUCT = YES;
			};
			name = Release;
		};
		01CD00D52540AD3200767AD9 /* Debug */ = {
			isa = XCBuildConfiguration;
			baseConfigurationReference = D2D24C5F837F9CD77E34C917 /* Pods-Headway_TestTask.debug.xcconfig */;
			buildSettings = {
				ASSETCATALOG_COMPILER_APPICON_NAME = AppIcon;
				ASSETCATALOG_COMPILER_GLOBAL_ACCENT_COLOR_NAME = AccentColor;
				CODE_SIGN_STYLE = Automatic;
				DEVELOPMENT_TEAM = 34J4APBMGL;
				INFOPLIST_FILE = Headway_TestTask/Info.plist;
				LD_RUNPATH_SEARCH_PATHS = (
					"$(inherited)",
					"@executable_path/Frameworks",
				);
				PRODUCT_BUNDLE_IDENTIFIER = "com.serhiibychin.Headway-TestTask";
				PRODUCT_NAME = "$(TARGET_NAME)";
				SWIFT_VERSION = 5.0;
				TARGETED_DEVICE_FAMILY = "1,2";
			};
			name = Debug;
		};
		01CD00D62540AD3200767AD9 /* Release */ = {
			isa = XCBuildConfiguration;
			baseConfigurationReference = ECC99CC1888D3D9888F42B8C /* Pods-Headway_TestTask.release.xcconfig */;
			buildSettings = {
				ASSETCATALOG_COMPILER_APPICON_NAME = AppIcon;
				ASSETCATALOG_COMPILER_GLOBAL_ACCENT_COLOR_NAME = AccentColor;
				CODE_SIGN_STYLE = Automatic;
				DEVELOPMENT_TEAM = 34J4APBMGL;
				INFOPLIST_FILE = Headway_TestTask/Info.plist;
				LD_RUNPATH_SEARCH_PATHS = (
					"$(inherited)",
					"@executable_path/Frameworks",
				);
				PRODUCT_BUNDLE_IDENTIFIER = "com.serhiibychin.Headway-TestTask";
				PRODUCT_NAME = "$(TARGET_NAME)";
				SWIFT_VERSION = 5.0;
				TARGETED_DEVICE_FAMILY = "1,2";
			};
			name = Release;
		};
/* End XCBuildConfiguration section */

/* Begin XCConfigurationList section */
		01CD00BB2540AD2E00767AD9 /* Build configuration list for PBXProject "Headway_TestTask" */ = {
			isa = XCConfigurationList;
			buildConfigurations = (
				01CD00D22540AD3200767AD9 /* Debug */,
				01CD00D32540AD3200767AD9 /* Release */,
			);
			defaultConfigurationIsVisible = 0;
			defaultConfigurationName = Release;
		};
		01CD00D42540AD3200767AD9 /* Build configuration list for PBXNativeTarget "Headway_TestTask" */ = {
			isa = XCConfigurationList;
			buildConfigurations = (
				01CD00D52540AD3200767AD9 /* Debug */,
				01CD00D62540AD3200767AD9 /* Release */,
			);
			defaultConfigurationIsVisible = 0;
			defaultConfigurationName = Release;
		};
/* End XCConfigurationList section */
	};
	rootObject = 01CD00B82540AD2E00767AD9 /* Project object */;
}
